
Microsoft Visual Studio Solution File, Format Version 12.00
# Visual Studio 15
VisualStudioVersion = 15.0.28307.779
MinimumVisualStudioVersion = 10.0.40219.1
Project("{9A19103F-16F7-4668-BE54-9A1E7A4F7556}") = "PointInFigure", "PointInFigure\PointInFigure.csproj", "{456ACB86-7B06-4E67-8B9C-68068BE46632}"
EndProject
Project("{FAE04EC0-301F-11D3-BF4B-00C04F79EFBC}") = "PointAndRectangle", "PointInRectableGUIApp\PointAndRectangle.csproj", "{4EAE1E44-2F64-476D-BF15-AF053D59A63B}"
EndProject
Project("{9A19103F-16F7-4668-BE54-9A1E7A4F7556}") = "ExamTime", "ExamTime\ExamTime.csproj", "{8901A0DD-942F-4CD4-998F-FA22CC27374C}"
EndProject
Project("{9A19103F-16F7-4668-BE54-9A1E7A4F7556}") = "Trip", "Trip\Trip.csproj", "{3F83306D-BDFD-4918-B28B-DAD62E2A511B}"
EndProject
Project("{9A19103F-16F7-4668-BE54-9A1E7A4F7556}") = "NumbersOperations", "NumbersOperations\NumbersOperations.csproj", "{430171AC-ECDD-4C1D-B5B9-F069D295832D}"
EndProject
Project("{FAE04EC0-301F-11D3-BF4B-00C04F79EFBC}") = "GameTickets", "GameTickets\GameTickets.csproj", "{A9059168-961A-4250-B489-C24C2EF405B0}"
EndProject
Project("{FAE04EC0-301F-11D3-BF4B-00C04F79EFBC}") = "HotelRoom", "HotelRoom\HotelRoom.csproj", "{5A6062D2-539C-49CB-985D-B96A5FDCCED3}"
EndProject
Global
	GlobalSection(SolutionConfigurationPlatforms) = preSolution
		Debug|Any CPU = Debug|Any CPU
		Release|Any CPU = Release|Any CPU
	EndGlobalSection
	GlobalSection(ProjectConfigurationPlatforms) = postSolution
		{456ACB86-7B06-4E67-8B9C-68068BE46632}.Debug|Any CPU.ActiveCfg = Debug|Any CPU
		{456ACB86-7B06-4E67-8B9C-68068BE46632}.Debug|Any CPU.Build.0 = Debug|Any CPU
		{456ACB86-7B06-4E67-8B9C-68068BE46632}.Release|Any CPU.ActiveCfg = Release|Any CPU
		{456ACB86-7B06-4E67-8B9C-68068BE46632}.Release|Any CPU.Build.0 = Release|Any CPU
		{4EAE1E44-2F64-476D-BF15-AF053D59A63B}.Debug|Any CPU.ActiveCfg = Debug|Any CPU
		{4EAE1E44-2F64-476D-BF15-AF053D59A63B}.Debug|Any CPU.Build.0 = Debug|Any CPU
		{4EAE1E44-2F64-476D-BF15-AF053D59A63B}.Release|Any CPU.ActiveCfg = Release|Any CPU
		{4EAE1E44-2F64-476D-BF15-AF053D59A63B}.Release|Any CPU.Build.0 = Release|Any CPU
		{8901A0DD-942F-4CD4-998F-FA22CC27374C}.Debug|Any CPU.ActiveCfg = Debug|Any CPU
		{8901A0DD-942F-4CD4-998F-FA22CC27374C}.Debug|Any CPU.Build.0 = Debug|Any CPU
		{8901A0DD-942F-4CD4-998F-FA22CC27374C}.Release|Any CPU.ActiveCfg = Release|Any CPU
		{8901A0DD-942F-4CD4-998F-FA22CC27374C}.Release|Any CPU.Build.0 = Release|Any CPU
		{3F83306D-BDFD-4918-B28B-DAD62E2A511B}.Debug|Any CPU.ActiveCfg = Debug|Any CPU
		{3F83306D-BDFD-4918-B28B-DAD62E2A511B}.Debug|Any CPU.Build.0 = Debug|Any CPU
		{3F83306D-BDFD-4918-B28B-DAD62E2A511B}.Release|Any CPU.ActiveCfg = Release|Any CPU
		{3F83306D-BDFD-4918-B28B-DAD62E2A511B}.Release|Any CPU.Build.0 = Release|Any CPU
		{430171AC-ECDD-4C1D-B5B9-F069D295832D}.Debug|Any CPU.ActiveCfg = Debug|Any CPU
		{430171AC-ECDD-4C1D-B5B9-F069D295832D}.Debug|Any CPU.Build.0 = Debug|Any CPU
		{430171AC-ECDD-4C1D-B5B9-F069D295832D}.Release|Any CPU.ActiveCfg = Release|Any CPU
		{430171AC-ECDD-4C1D-B5B9-F069D295832D}.Release|Any CPU.Build.0 = Release|Any CPU
		{A9059168-961A-4250-B489-C24C2EF405B0}.Debug|Any CPU.ActiveCfg = Debug|Any CPU
		{A9059168-961A-4250-B489-C24C2EF405B0}.Debug|Any CPU.Build.0 = Debug|Any CPU
		{A9059168-961A-4250-B489-C24C2EF405B0}.Release|Any CPU.ActiveCfg = Release|Any CPU
		{A9059168-961A-4250-B489-C24C2EF405B0}.Release|Any CPU.Build.0 = Release|Any CPU
		{5A6062D2-539C-49CB-985D-B96A5FDCCED3}.Debug|Any CPU.ActiveCfg = Debug|Any CPU
		{5A6062D2-539C-49CB-985D-B96A5FDCCED3}.Debug|Any CPU.Build.0 = Debug|Any CPU
		{5A6062D2-539C-49CB-985D-B96A5FDCCED3}.Release|Any CPU.ActiveCfg = Release|Any CPU
		{5A6062D2-539C-49CB-985D-B96A5FDCCED3}.Release|Any CPU.Build.0 = Release|Any CPU
	EndGlobalSection
	GlobalSection(SolutionProperties) = preSolution
		HideSolutionNode = FALSE
	EndGlobalSection
	GlobalSection(ExtensibilityGlobals) = postSolution
		SolutionGuid = {6B367C23-665C-454F-AB49-974F3BF25151}
	EndGlobalSection
EndGlobal
